
Microsoft Visual Studio Solution File, Format Version 12.00
# Visual Studio Version 17
VisualStudioVersion = 17.0.31903.59
MinimumVisualStudioVersion = 10.0.40219.1
Project("{FAE04EC0-301F-11D3-BF4B-00C04F79EFBC}") = "SecretsManager.Core", "SecretsManager.Core\SecretsManager.Core.csproj", "{94BAEF1A-FB47-4865-8DD8-61E8DF79E133}"
EndProject
Project("{FAE04EC0-301F-11D3-BF4B-00C04F79EFBC}") = "SecretsManager.Core.Tests", "SecretsManager.Core.Tests\SecretsManager.Core.Tests.csproj", "{B46A15B6-B7C9-4410-9AAC-7C31D2D6D1B7}"
EndProject
Global
	GlobalSection(SolutionConfigurationPlatforms) = preSolution
		Debug|Any CPU = Debug|Any CPU
		Release|Any CPU = Release|Any CPU
	EndGlobalSection
	GlobalSection(SolutionProperties) = preSolution
		HideSolutionNode = FALSE
	EndGlobalSection
	GlobalSection(ProjectConfigurationPlatforms) = postSolution
		{94BAEF1A-FB47-4865-8DD8-61E8DF79E133}.Debug|Any CPU.ActiveCfg = Debug|Any CPU
		{94BAEF1A-FB47-4865-8DD8-61E8DF79E133}.Debug|Any CPU.Build.0 = Debug|Any CPU
		{94BAEF1A-FB47-4865-8DD8-61E8DF79E133}.Release|Any CPU.ActiveCfg = Release|Any CPU
		{94BAEF1A-FB47-4865-8DD8-61E8DF79E133}.Release|Any CPU.Build.0 = Release|Any CPU
		{B46A15B6-B7C9-4410-9AAC-7C31D2D6D1B7}.Debug|Any CPU.ActiveCfg = Debug|Any CPU
		{B46A15B6-B7C9-4410-9AAC-7C31D2D6D1B7}.Debug|Any CPU.Build.0 = Debug|Any CPU
		{B46A15B6-B7C9-4410-9AAC-7C31D2D6D1B7}.Release|Any CPU.ActiveCfg = Release|Any CPU
		{B46A15B6-B7C9-4410-9AAC-7C31D2D6D1B7}.Release|Any CPU.Build.0 = Release|Any CPU
	EndGlobalSection
EndGlobal
